lockfileVersion: '9.0'

settings:
  autoInstallPeers: true
  excludeLinksFromLockfile: false

importers:

  .:
    dependencies:
      '@netlify/blobs':
        specifier: 11.1.1
        version: 11.1.1
      '@netlify/identity':
        specifier: 2.0.0
        version: 2.0.0
    devDependencies:
      esbuild:
        specifier: 0.25.12
        version: 0.25.12

packages:

  '@envelop/instrumentation@1.0.1':
    resolution: {integrity: sha512-FuexE2qd3Yc1Kh1DjTliwGxb9kyyv4ySBNnfJOxnQasVmGdcqX6AkkO5sIMxLWFRftp8PErOcIn2dQW/1RwytQ==}
    engines: {node: '>=18.0.0'}

  '@esbuild/aix-ppc64@0.25.12':
    resolution: {integrity: sha512-Hhmwd6CInZ3dwpuGTF8fJG6yoWmsToE+vYgD4nytZVxcu1ulHpUQRAB1UJ8+N1Am3Mz4+xOByoQoSZf4D+CpkA==}
    engines: {node: '>=18'}
    cpu: [ppc64]
    os: [aix]

  '@esbuild/android-arm64@0.25.12':
    resolution: {integrity: sha512-6AAmLG7zwD1Z159jCKPvAxZd4y/VTO0VkprYy+3N2FtJ8+BQWFXU+OxARIwA46c5tdD9SsKGZ/1ocqBS/gAKHg==}
    engines: {node: '>=18'}
    cpu: [arm64]
    os: [android]

  '@esbuild/android-arm@0.25.12':
    resolution: {integrity: sha512-VJ+sKvNA/GE7Ccacc9Cha7bpS8nyzVv0jdVgwNDaR4gDMC/2TTRc33Ip8qrNYUcpkOHUT5OZ0bUcNNVZQ9RLlg==}
    engines: {node: '>=18'}
    cpu: [arm]
    os: [android]

  '@esbuild/android-x64@0.25.12':
    resolution: {integrity: sha512-5jbb+2hhDHx5phYR2By8GTWEzn6I9UqR11Kwf22iKbNpYrsmRB18aX/9ivc5cabcUiAT/wM+YIZ6SG9QO6a8kg==}
    engines: {node: '>=18'}
    cpu: [x64]
    os: [android]

  '@esbuild/darwin-arm64@0.25.12':
    resolution: {integrity: sha512-N3zl+lxHCifgIlcMUP5016ESkeQjLj/959RxxNYIthIg+CQHInujFuXeWbWMgnTo4cp5XVHqFPmpyu9J65C1Yg==}
    engines: {node: '>=18'}
    cpu: [arm64]
    os: [darwin]

  '@esbuild/darwin-x64@0.25.12':
    resolution: {integrity: sha512-HQ9ka4Kx21qHXwtlTUVbKJOAnmG1ipXhdWTmNXiPzPfWKpXqASVcWdnf2bnL73wgjNrFXAa3yYvBSd9pzfEIpA==}
    engines: {node: '>=18'}
    cpu: [x64]
    os: [darwin]

  '@esbuild/freebsd-arm64@0.25.12':
    resolution: {integrity: sha512-gA0Bx759+7Jve03K1S0vkOu5Lg/85dou3EseOGUes8flVOGxbhDDh/iZaoek11Y8mtyKPGF3vP8XhnkDEAmzeg==}
    engines: {node: '>=18'}
    cpu: [arm64]
    os: [freebsd]

  '@esbuild/freebsd-x64@0.25.12':
    resolution: {integrity: sha512-TGbO26Yw2xsHzxtbVFGEXBFH0FRAP7gtcPE7P5yP7wGy7cXK2oO7RyOhL5NLiqTlBh47XhmIUXuGciXEqYFfBQ==}
    engines: {node: '>=18'}
    cpu: [x64]
    os: [freebsd]

  '@esbuild/linux-arm64@0.25.12':
    resolution: {integrity: sha512-8bwX7a8FghIgrupcxb4aUmYDLp8pX06rGh5HqDT7bB+8Rdells6mHvrFHHW2JAOPZUbnjUpKTLg6ECyzvas2AQ==}
    engines: {node: '>=18'}
    cpu: [arm64]
    os: [linux]

  '@esbuild/linux-arm@0.25.12':
    resolution: {integrity: sha512-lPDGyC1JPDou8kGcywY0YILzWlhhnRjdof3UlcoqYmS9El818LLfJJc3PXXgZHrHCAKs/Z2SeZtDJr5MrkxtOw==}
    engines: {node: '>=18'}
    cpu: [arm]
    os: [linux]

  '@esbuild/linux-ia32@0.25.12':
    resolution: {integrity: sha512-0y9KrdVnbMM2/vG8KfU0byhUN+EFCny9+8g202gYqSSVMonbsCfLjUO+rCci7pM0WBEtz+oK/PIwHkzxkyharA==}
    engines: {node: '>=18'}
    cpu: [ia32]
    os: [linux]

  '@esbuild/linux-loong64@0.25.12':
    resolution: {integrity: sha512-h///Lr5a9rib/v1GGqXVGzjL4TMvVTv+s1DPoxQdz7l/AYv6LDSxdIwzxkrPW438oUXiDtwM10o9PmwS/6Z0Ng==}
    engines: {node: '>=18'}
    cpu: [loong64]
    os: [linux]

  '@esbuild/linux-mips64el@0.25.12':
    resolution: {integrity: sha512-iyRrM1Pzy9GFMDLsXn1iHUm18nhKnNMWscjmp4+hpafcZjrr2WbT//d20xaGljXDBYHqRcl8HnxbX6uaA/eGVw==}
    engines: {node: '>=18'}
    cpu: [mips64el]
    os: [linux]

  '@esbuild/linux-ppc64@0.25.12':
    resolution: {integrity: sha512-9meM/lRXxMi5PSUqEXRCtVjEZBGwB7P/D4yT8UG/mwIdze2aV4Vo6U5gD3+RsoHXKkHCfSxZKzmDssVlRj1QQA==}
    engines: {node: '>=18'}
    cpu: [ppc64]
    os: [linux]

  '@esbuild/linux-riscv64@0.25.12':
    resolution: {integrity: sha512-Zr7KR4hgKUpWAwb1f3o5ygT04MzqVrGEGXGLnj15YQDJErYu/BGg+wmFlIDOdJp0PmB0lLvxFIOXZgFRrdjR0w==}
    engines: {node: '>=18'}
    cpu: [riscv64]
    os: [linux]

  '@esbuild/linux-s390x@0.25.12':
    resolution: {integrity: sha512-MsKncOcgTNvdtiISc/jZs/Zf8d0cl/t3gYWX8J9ubBnVOwlk65UIEEvgBORTiljloIWnBzLs4qhzPkJcitIzIg==}
    engines: {node: '>=18'}
    cpu: [s390x]
    os: [linux]

  '@esbuild/linux-x64@0.25.12':
    resolution: {integrity: sha512-uqZMTLr/zR/ed4jIGnwSLkaHmPjOjJvnm6TVVitAa08SLS9Z0VM8wIRx7gWbJB5/J54YuIMInDquWyYvQLZkgw==}
    engines: {node: '>=18'}
    cpu: [x64]
    os: [linux]

  '@esbuild/netbsd-arm64@0.25.12':
    resolution: {integrity: sha512-xXwcTq4GhRM7J9A8Gv5boanHhRa/Q9KLVmcyXHCTaM4wKfIpWkdXiMog/KsnxzJ0A1+nD+zoecuzqPmCRyBGjg==}
    engines: {node: '>=18'}
    cpu: [arm64]
    os: [netbsd]

  '@esbuild/netbsd-x64@0.25.12':
    resolution: {integrity: sha512-Ld5pTlzPy3YwGec4OuHh1aCVCRvOXdH8DgRjfDy/oumVovmuSzWfnSJg+VtakB9Cm0gxNO9BzWkj6mtO1FMXkQ==}
    engines: {node: '>=18'}
    cpu: [x64]
    os: [netbsd]

  '@esbuild/openbsd-arm64@0.25.12':
    resolution: {integrity: sha512-fF96T6KsBo/pkQI950FARU9apGNTSlZGsv1jZBAlcLL1MLjLNIWPBkj5NlSz8aAzYKg+eNqknrUJ24QBybeR5A==}
    engines: {node: '>=18'}
    cpu: [arm64]
    os: [openbsd]

  '@esbuild/openbsd-x64@0.25.12':
    resolution: {integrity: sha512-MZyXUkZHjQxUvzK7rN8DJ3SRmrVrke8ZyRusHlP+kuwqTcfWLyqMOE3sScPPyeIXN/mDJIfGXvcMqCgYKekoQw==}
    engines: {node: '>=18'}
    cpu: [x64]
    os: [openbsd]

  '@esbuild/openharmony-arm64@0.25.12':
    resolution: {integrity: sha512-rm0YWsqUSRrjncSXGA7Zv78Nbnw4XL6/dzr20cyrQf7ZmRcsovpcRBdhD43Nuk3y7XIoW2OxMVvwuRvk9XdASg==}
    engines: {node: '>=18'}
    cpu: [arm64]
    os: [openharmony]

  '@esbuild/sunos-x64@0.25.12':
    resolution: {integrity: sha512-3wGSCDyuTHQUzt0nV7bocDy72r2lI33QL3gkDNGkod22EsYl04sMf0qLb8luNKTOmgF/eDEDP5BFNwoBKH441w==}
    engines: {node: '>=18'}
    cpu: [x64]
    os: [sunos]

  '@esbuild/win32-arm64@0.25.12':
    resolution: {integrity: sha512-rMmLrur64A7+DKlnSuwqUdRKyd3UE7oPJZmnljqEptesKM8wx9J8gx5u0+9Pq0fQQW8vqeKebwNXdfOyP+8Bsg==}
    engines: {node: '>=18'}
    cpu: [arm64]
    os: [win32]

  '@esbuild/win32-ia32@0.25.12':
    resolution: {integrity: sha512-HkqnmmBoCbCwxUKKNPBixiWDGCpQGVsrQfJoVGYLPT41XWF8lHuE5N6WhVia2n4o5QK5M4tYr21827fNhi4byQ==}
    engines: {node: '>=18'}
    cpu: [ia32]
    os: [win32]

  '@esbuild/win32-x64@0.25.12':
    resolution: {integrity: sha512-alJC0uCZpTFrSL0CCDjcgleBXPnCrEAhTBILpeAp7M/OFgoqtAetfBzX0xM00MUsVVPpVjlPuMbREqnZCXaTnA==}
    engines: {node: '>=18'}
    cpu: [x64]
    os: [win32]

  '@fastify/busboy@3.2.2':
    resolution: {integrity: sha512-yXSS27qPExaXeuLvMRMXOLtpipzfQYNjG3FkunDWKGfMYjKuhFXko9CVzqxm8jcF+lmtS9Fd89QNdh9XDjnbNg==}

  '@netlify/blobs@11.1.1':
    resolution: {integrity: sha512-99H0BJlieiWLkTYQ4ACbw5aGlkbpgyJ3TYF1Hb76wU43eO57LnnP/m3cnMZWNWeAwXhiTEjvUTH7ghJTBoSjFQ==}
    engines: {node: '>=22.12.0'}

  '@netlify/dev-utils@6.0.1':
    resolution: {integrity: sha512-q5g70dO3q/M/XTBQz7uIECJxVlJoS8UBlzpjf22DV6q61UzXa8EONTPXPmvisrFcUi1I3AUKplPcHGQYZZj+Vw==}
    engines: {node: '>=22.12.0'}

  '@netlify/identity@2.0.0':
    resolution: {integrity: sha512-AX2zdazgfa9M/L22kgC5TpuVgofz9ZkK0W7JRIqmW/In6LyW6HzLS2K9a3CPXlfcjWm1JqEdmXoXze3VIjes6Q==}
    engines: {node: '>=22.12.0'}

  '@netlify/otel@7.0.4':
    resolution: {integrity: sha512-HrGxXgauSZEzSd2mKu5YlqCvHpaNjQzf/yvwBdVXstZLRWWvbWIZBanrbXG0poyq70PBuiL+zVp3lU48aWnRNg==}
    engines: {node: '>=22.12.0'}

  '@netlify/runtime-utils@3.0.0':
    resolution: {integrity: sha512-OHo40+V3QZkR+UrDjqhN+LekrAby/dSSJxsvyYs9i88E/mSl3goB/ysoL+VYROm190egxmQyRYlHK7vL4GeHBQ==}
    engines: {node: '>=22.12.0'}

  '@opentelemetry/api-logs@0.221.0':
    resolution: {integrity: sha512-OlanaW1vv7ufTqQ3/fPLI4arGt5ZoM+P8abOMki6uEYnpRazepSWDwDnnw+la7kE26SHVC18//SMccrDvLKOXQ==}
    engines: {node: '>=8.0.0'}

  '@opentelemetry/api@1.9.1':
    resolution: {integrity: sha512-gLyJlPHPZYdAk1JENA9LeHejZe1Ti77/pTeFm/nMXmQH/HFZlcS/O2XJB+L8fkbrNSqhdtlvjBVjxwUYanNH5Q==}
    engines: {node: '>=8.0.0'}

  '@opentelemetry/context-async-hooks@2.10.0':
    resolution: {integrity: sha512-bvyMcgLEkozzSzpEEEo1OMoeQ97bxj6Qs2uN3mPrSdDvObMI1myffD/BPqcLlzZO9//d1SqQA/WPw7Cz2AiqhA==}
    engines: {node: ^18.19.0 || >=20.6.0}
    peerDependencies:
      '@opentelemetry/api': '>=1.0.0 <1.10.0'

  '@opentelemetry/core@2.10.0':
    resolution: {integrity: sha512-/wNZ8twnEQQA4HoHu22+vcsdru6pWPWxW+7w+FlxT6Id7PE/WIbZmVKkte+PF72e0F2dnImFeHD2syyE1Mw6MQ==}
    engines: {node: ^18.19.0 || >=20.6.0}
    peerDependencies:
      '@opentelemetry/api': '>=1.0.0 <1.10.0'

  '@opentelemetry/instrumentation@0.221.0':
    resolution: {integrity: sha512-cCk80Z/iRDf/5gfsKMB4f74LqVA5yKETB/9ojPzVW/6/f70iu89nJvGxsFCxx4XfSohaOofkU19kiYm84AiAlw==}
    engines: {node: ^18.19.0 || >=20.6.0}
    peerDependencies:
      '@opentelemetry/api': ^1.3.0

  '@opentelemetry/resources@2.10.0':
    resolution: {integrity: sha512-q6MMm2zhggzsHVNbabYwut+a6nbuQQe3URUoxaojM/8K1IBfwwPzvxIjNi2/lI1TFe+fMHMW9MWhrtDLEXEnkA==}
    engines: {node: ^18.19.0 || >=20.6.0}
    peerDependencies:
      '@opentelemetry/api': '>=1.3.0 <1.10.0'

  '@opentelemetry/sdk-trace-base@2.10.0':
    resolution: {integrity: sha512-GuYQQT7QD2EeO8lcZLRQzcbOyhqAzL+6WWTKTU9mSUBYBazkEDl+VrQcXQhbB08OWM9anD1aHleVadzulpOaUQ==}
    engines: {node: ^18.19.0 || >=20.6.0}
    peerDependencies:
      '@opentelemetry/api': '>=1.3.0 <1.10.0'

  '@opentelemetry/sdk-trace-node@2.10.0':
    resolution: {integrity: sha512-GZK/G6oZyBLGlH1pUgeDch7D91KoHd2uotUGIkWCPi9GI5T9X0p4L7nNAMDR1BQjkRYoDqo+ddfVx9t5Uhys+Q==}
    engines: {node: ^18.19.0 || >=20.6.0}
    peerDependencies:
      '@opentelemetry/api': '>=1.0.0 <1.10.0'

  '@opentelemetry/sdk-trace@2.10.0':
    resolution: {integrity: sha512-MfQGq3GRmTh5fM/y+OjaO0vj6+luCB1XO2gfXCalKCfgKw0eHL++sm75DNweC6ohlp+aFvACqeE0fYayqdRaoQ==}
    engines: {node: ^18.19.0 || >=20.6.0}
    peerDependencies:
      '@opentelemetry/api': '>=1.3.0 <1.10.0'

  '@opentelemetry/semantic-conventions@1.43.0':
    resolution: {integrity: sha512-eSYWTm620tTk45EKSedaUL8MFYI8hW164hIXsgIHyxu3VobUB3fFCu5t0hQby6OoWRPsG1KkKUG2M5UadiLiVg==}
    engines: {node: '>=14'}

  '@whatwg-node/disposablestack@0.0.6':
    resolution: {integrity: sha512-LOtTn+JgJvX8WfBVJtF08TGrdjuFzGJc4mkP8EdDI8ADbvO7kiexYep1o8dwnt0okb0jYclCDXF13xU7Ge4zSw==}
    engines: {node: '>=18.0.0'}

  '@whatwg-node/fetch@0.10.13':
    resolution: {integrity: sha512-b4PhJ+zYj4357zwk4TTuF2nEe0vVtOrwdsrNo5hL+u1ojXNhh1FgJ6pg1jzDlwlT4oBdzfSwaBwMCtFCsIWg8Q==}
    engines: {node: '>=18.0.0'}

  '@whatwg-node/node-fetch@0.8.6':
    resolution: {integrity: sha512-BDMdYFcerLQkwA2RTldxOqRCs6ZQD1S7UgP3pUdGUkcbgTrP/V5ko77ZkCww9DHmC4lpoYuwigGfQYj285gMvA==}
    engines: {node: '>=18.0.0'}

  '@whatwg-node/promise-helpers@1.3.2':
    resolution: {integrity: sha512-Nst5JdK47VIl9UcGwtv2Rcgyn5lWtZ0/mhRQ4G8NN2isxpq2TO30iqHzmwoJycjWuyUfg3GFXqP/gFHXeV57IA==}
    engines: {node: '>=16.0.0'}

  '@whatwg-node/server@0.11.0':
    resolution: {integrity: sha512-VSdkwnJRr8Yv9UgB2aXB3VUPWwd6Oqnn0hycFwhg9pZgWxJXb7JmhsiXe9tmpMwjHFxli12PGcz9aI63YYloGQ==}
    engines: {node: '>=18.0.0'}

  ansis@4.4.0:
    resolution: {integrity: sha512-9k3v7xcHwgdO/DruxGIg4HtjvlAZlcnsX/mzqUb1t3NkYnl9kK2UJ+Gq0io+vQf7iT//BD/HB/NBkUR1LWxoeA==}
    engines: {node: '>=14'}

  atomically@2.1.1:
    resolution: {integrity: sha512-P4w9o2dqARji6P7MHprklbfiArZAWvo07yW7qs3pdljb3BWr12FIB7W+p0zJiuiVsUpRO0iZn1kFFcpPegg0tQ==}

  callsite@1.0.0:
    resolution: {integrity: sha512-0vdNRFXn5q+dtOqjfFtmtlI9N2eVZ7LMyEV2iKC5mEEFvSg/69Ml6b/WU2qF8W1nLRa0wiSrDT3Y5jOHZCwKPQ==}

  chokidar@5.0.0:
    resolution: {integrity: sha512-TQMmc3w+5AxjpL8iIiwebF73dRDF4fBIieAqGn9RGCWaEVwQ6Fb2cGe31Yns0RRIzii5goJ1Y7xbMwo1TxMplw==}
    engines: {node: '>= 20.19.0'}

  cjs-module-lexer@2.2.1:
    resolution: {integrity: sha512-Ca8swihM+/4yKecYHY52kgJd300hi2lADU/a1RxNTRe+RJ9jvqQlESpbz9DnG9mowez8qwXHB8qYdIUw9e+F5Q==}

  debug@4.4.3:
    resolution: {integrity: sha512-RGwwWnwQvkVfavKVt22FGLw+xYSdzARwm0ru6DhTVA3umU5hZc28V3kO4stgYryrTlLpuvgI9GiijltAjNbcqA==}
    engines: {node: '>=6.0'}
    peerDependencies:
      supports-color: '*'
    peerDependenciesMeta:
      supports-color:
        optional: true

  decache@4.6.2:
    resolution: {integrity: sha512-2LPqkLeu8XWHU8qNCS3kcF6sCcb5zIzvWaAHYSvPfwhdd7mHuah29NssMzrTYyHN4F5oFy2ko9OBYxegtU0FEw==}

  dettle@1.0.5:
    resolution: {integrity: sha512-ZVyjhAJ7sCe1PNXEGveObOH9AC8QvMga3HJIghHawtG7mE4K5pW9nz/vDGAr/U7a3LWgdOzEE7ac9MURnyfaTA==}

  dot-prop@9.0.0:
    resolution: {integrity: sha512-1gxPBJpI/pcjQhKgIU91II6Wkay+dLcN3M6rf2uwP8hRur3HtQXjVrdAK3sjC0piaEuxzMwjXChcETiJl47lAQ==}
    engines: {node: '>=18'}

  empathic@2.1.0:
    resolution: {integrity: sha512-AnfC1ATldl49/cvZdLPDjBfrRNwbDO05aibiOtzQu3qtlbJtomNLhF30HEtn/7iBz50dlMECqATo3fG0LrdEgw==}
    engines: {node: '>=14'}

  env-paths@3.0.0:
    resolution: {integrity: sha512-dtJUTepzMW3Lm/NPxRf3wP4642UWhjL2sQxc+ym2YMj1m/H2zDNQOlezafzkHwn6sMstjHTwG6iQQsctDW/b1A==}
    engines: {node: ^12.20.0 || ^14.13.1 || >=16.0.0}

  es-module-lexer@3.0.2:
    resolution: {integrity: sha512-BuIB67FngDSyQ/dpQNOZybwdEBDUGJQvOqwWr4ha/ufYiqzuEwPkKO2zLhRAgay28tStRIHUeWmszZAJo3GCOg==}

  esbuild@0.25.12:
    resolution: {integrity: sha512-bbPBYYrtZbkt6Os6FiTLCTFxvq4tt3JKall1vRwshA3fdVztsLAatFaZobhkBC8/BrPetoa0oksYoKXoG4ryJg==}
    engines: {node: '>=18'}
    hasBin: true

  gotrue-js@1.0.1:
    resolution: {integrity: sha512-ZynwwM4bEo2y5yNWO3/Ynbx1AvQz9ONJSM9tB1jpooAvDPevGdvgeFP3NwM59FAlkd0szSkQRAhjINMkJSDfAQ==}

  import-in-the-middle@3.5.2:
    resolution: {integrity: sha512-WseIA/4o56+GYO3RmlOPvejYi771OFeJEeK/ejROsr9bdjW+E5NXTOD1Di8TL40Qgg3JJX9aa97Hf8iiSVIKZw==}
    engines: {node: '>=18'}

  module-details-from-path@1.0.4:
    resolution: {integrity: sha512-EGWKgxALGMgzvxYF1UyGTy0HXX/2vHLkw6+NvDKW2jypWbHpjQuj4UMcqQWXHERJhVGKikolT06G3bcKe4fi7w==}

  ms@2.1.3:
    resolution: {integrity: sha512-6FlzubTLZG3J2a/NVCAleEhjzq5oxgHyaCU9yYXvcLsvoVaHJq/s5xXI6/XXP6tz7R9xAOtHnSO/tXtF3WRTlA==}

  parse-gitignore@2.0.0:
    resolution: {integrity: sha512-RmVuCHWsfu0QPNW+mraxh/xjQVw/lhUCUru8Zni3Ctq3AoMhpDTq0OVdKS6iesd6Kqb7viCV3isAL43dciOSog==}
    engines: {node: '>=14'}

  readdirp@5.1.1:
    resolution: {integrity: sha512-Kko+Y5XQ6fM+Ce3dq3m9YGxnacYZYl9cA1wZjaF3Vbry2L3i1qVg8+CAgNPsXRArPMUMCaOR7oa9Nqntc43JKA==}
    engines: {node: '>= 20.19.0'}

  require-in-the-middle@8.0.1:
    resolution: {integrity: sha512-QT7FVMXfWOYFbeRBF6nu+I6tr2Tf3u0q8RIEjNob/heKY/nh7drD/k7eeMFmSQgnTtCzLDcCu/XEnpW2wk4xCQ==}
    engines: {node: '>=9.3.0 || >=8.10.0 <9.0.0'}

  semver@7.8.5:
    resolution: {integrity: sha512-Y7/KDsb8LjooZpwaqGyulO6DQlksgCncchHGk+sZIY4SBvUocMBEFH5Ur1fI4dV+Jvl0w6cjvucaIi40puRioA==}
    engines: {node: '>=10'}
    hasBin: true

  stubborn-fs@2.0.0:
    resolution: {integrity: sha512-Y0AvSwDw8y+nlSNFXMm2g6L51rBGdAQT20J3YSOqxC53Lo3bjWRtr2BKcfYoAf352WYpsZSTURrA0tqhfgudPA==}

  stubborn-utils@1.0.2:
    resolution: {integrity: sha512-zOh9jPYI+xrNOyisSelgym4tolKTJCQd5GBhK0+0xJvcYDcwlOoxF/rnFKQ2KRZknXSG9jWAp66fwP6AxN9STg==}

  tslib@2.8.1:
    resolution: {integrity: sha512-oJFu94HQb+KVduSUQL7wnpmqnfmLsOA/nAh6b6EH0wCEoK0/mPeXU6c3wKDV83MkOuHPRHtSXKKU99IBazS/2w==}

  type-fest@4.41.0:
    resolution: {integrity: sha512-TeTSQ6H5YHvpqVwBRcnLDCBnDOHWYu7IvGbHT6N8AOymcr9PJGjc1GTtiWZTYg0NCgYwvnYWEkVChQAr9bjfwA==}
    engines: {node: '>=16'}

  urlpattern-polyfill@10.1.0:
    resolution: {integrity: sha512-IGjKp/o0NL3Bso1PymYURCJxMPNAf/ILOpendP9f5B6e1rTJgdgiOvgfoT8VxCAdY+Wisb9uhGaJJf3yZ2V9nw==}

  when-exit@2.1.5:
    resolution: {integrity: sha512-VGkKJ564kzt6Ms1dbgPP/yuIoQCrsFAnRbptpC5wOEsDaNsbCB2bnfnaA8i/vRs5tjUSEOtIuvl9/MyVsvQZCg==}

snapshots:

  '@envelop/instrumentation@1.0.1':
    dependencies:
      '@whatwg-node/promise-helpers': 1.3.2
      tslib: 2.8.1

  '@esbuild/aix-ppc64@0.25.12':
    optional: true

  '@esbuild/android-arm64@0.25.12':
    optional: true

  '@esbuild/android-arm@0.25.12':
    optional: true

  '@esbuild/android-x64@0.25.12':
    optional: true

  '@esbuild/darwin-arm64@0.25.12':
    optional: true

  '@esbuild/darwin-x64@0.25.12':
    optional: true

  '@esbuild/freebsd-arm64@0.25.12':
    optional: true

  '@esbuild/freebsd-x64@0.25.12':
    optional: true

  '@esbuild/linux-arm64@0.25.12':
    optional: true

  '@esbuild/linux-arm@0.25.12':
    optional: true

  '@esbuild/linux-ia32@0.25.12':
    optional: true

  '@esbuild/linux-loong64@0.25.12':
    optional: true

  '@esbuild/linux-mips64el@0.25.12':
    optional: true

  '@esbuild/linux-ppc64@0.25.12':
    optional: true

  '@esbuild/linux-riscv64@0.25.12':
    optional: true

  '@esbuild/linux-s390x@0.25.12':
    optional: true

  '@esbuild/linux-x64@0.25.12':
    optional: true

  '@esbuild/netbsd-arm64@0.25.12':
    optional: true

  '@esbuild/netbsd-x64@0.25.12':
    optional: true

  '@esbuild/openbsd-arm64@0.25.12':
    optional: true

  '@esbuild/openbsd-x64@0.25.12':
    optional: true

  '@esbuild/openharmony-arm64@0.25.12':
    optional: true

  '@esbuild/sunos-x64@0.25.12':
    optional: true

  '@esbuild/win32-arm64@0.25.12':
    optional: true

  '@esbuild/win32-ia32@0.25.12':
    optional: true

  '@esbuild/win32-x64@0.25.12':
    optional: true

  '@fastify/busboy@3.2.2': {}

  '@netlify/blobs@11.1.1':
    dependencies:
      '@netlify/dev-utils': 6.0.1
      '@netlify/otel': 7.0.4
      '@netlify/runtime-utils': 3.0.0
    transitivePeerDependencies:
      - supports-color

  '@netlify/dev-utils@6.0.1':
    dependencies:
      '@whatwg-node/server': 0.11.0
      ansis: 4.4.0
      atomically: 2.1.1
      chokidar: 5.0.0
      decache: 4.6.2
      dettle: 1.0.5
      dot-prop: 9.0.0
      empathic: 2.1.0
      env-paths: 3.0.0
      parse-gitignore: 2.0.0
      semver: 7.8.5

  '@netlify/identity@2.0.0':
    dependencies:
      gotrue-js: 1.0.1

  '@netlify/otel@7.0.4':
    dependencies:
      '@opentelemetry/api': 1.9.1
      '@opentelemetry/core': 2.10.0(@opentelemetry/api@1.9.1)
      '@opentelemetry/instrumentation': 0.221.0(@opentelemetry/api@1.9.1)
      '@opentelemetry/resources': 2.10.0(@opentelemetry/api@1.9.1)
      '@opentelemetry/sdk-trace-node': 2.10.0(@opentelemetry/api@1.9.1)
    transitivePeerDependencies:
      - supports-color

  '@netlify/runtime-utils@3.0.0': {}

  '@opentelemetry/api-logs@0.221.0':
    dependencies:
      '@opentelemetry/api': 1.9.1

  '@opentelemetry/api@1.9.1': {}

  '@opentelemetry/context-async-hooks@2.10.0(@opentelemetry/api@1.9.1)':
    dependencies:
      '@opentelemetry/api': 1.9.1

  '@opentelemetry/core@2.10.0(@opentelemetry/api@1.9.1)':
    dependencies:
      '@opentelemetry/api': 1.9.1
      '@opentelemetry/semantic-conventions': 1.43.0

  '@opentelemetry/instrumentation@0.221.0(@opentelemetry/api@1.9.1)':
    dependencies:
      '@opentelemetry/api': 1.9.1
      '@opentelemetry/api-logs': 0.221.0
      import-in-the-middle: 3.5.2
      require-in-the-middle: 8.0.1
    transitivePeerDependencies:
      - supports-color

  '@opentelemetry/resources@2.10.0(@opentelemetry/api@1.9.1)':
    dependencies:
      '@opentelemetry/api': 1.9.1
      '@opentelemetry/core': 2.10.0(@opentelemetry/api@1.9.1)
      '@opentelemetry/semantic-conventions': 1.43.0

  '@opentelemetry/sdk-trace-base@2.10.0(@opentelemetry/api@1.9.1)':
    dependencies:
      '@opentelemetry/api': 1.9.1
      '@opentelemetry/core': 2.10.0(@opentelemetry/api@1.9.1)
      '@opentelemetry/resources': 2.10.0(@opentelemetry/api@1.9.1)
      '@opentelemetry/sdk-trace': 2.10.0(@opentelemetry/api@1.9.1)
      '@opentelemetry/semantic-conventions': 1.43.0

  '@opentelemetry/sdk-trace-node@2.10.0(@opentelemetry/api@1.9.1)':
    dependencies:
      '@opentelemetry/api': 1.9.1
      '@opentelemetry/context-async-hooks': 2.10.0(@opentelemetry/api@1.9.1)
      '@opentelemetry/core': 2.10.0(@opentelemetry/api@1.9.1)
      '@opentelemetry/sdk-trace-base': 2.10.0(@opentelemetry/api@1.9.1)

  '@opentelemetry/sdk-trace@2.10.0(@opentelemetry/api@1.9.1)':
    dependencies:
      '@opentelemetry/api': 1.9.1
      '@opentelemetry/core': 2.10.0(@opentelemetry/api@1.9.1)
      '@opentelemetry/resources': 2.10.0(@opentelemetry/api@1.9.1)
      '@opentelemetry/semantic-conventions': 1.43.0

  '@opentelemetry/semantic-conventions@1.43.0': {}

  '@whatwg-node/disposablestack@0.0.6':
    dependencies:
      '@whatwg-node/promise-helpers': 1.3.2
      tslib: 2.8.1

  '@whatwg-node/fetch@0.10.13':
    dependencies:
      '@whatwg-node/node-fetch': 0.8.6
      urlpattern-polyfill: 10.1.0

  '@whatwg-node/node-fetch@0.8.6':
    dependencies:
      '@fastify/busboy': 3.2.2
      '@whatwg-node/disposablestack': 0.0.6
      '@whatwg-node/promise-helpers': 1.3.2
      tslib: 2.8.1

  '@whatwg-node/promise-helpers@1.3.2':
    dependencies:
      tslib: 2.8.1

  '@whatwg-node/server@0.11.0':
    dependencies:
      '@envelop/instrumentation': 1.0.1
      '@whatwg-node/disposablestack': 0.0.6
      '@whatwg-node/fetch': 0.10.13
      '@whatwg-node/promise-helpers': 1.3.2
      tslib: 2.8.1

  ansis@4.4.0: {}

  atomically@2.1.1:
    dependencies:
      stubborn-fs: 2.0.0
      when-exit: 2.1.5

  callsite@1.0.0: {}

  chokidar@5.0.0:
    dependencies:
      readdirp: 5.1.1

  cjs-module-lexer@2.2.1: {}

  debug@4.4.3:
    dependencies:
      ms: 2.1.3

  decache@4.6.2:
    dependencies:
      callsite: 1.0.0

  dettle@1.0.5: {}

  dot-prop@9.0.0:
    dependencies:
      type-fest: 4.41.0

  empathic@2.1.0: {}

  env-paths@3.0.0: {}

  es-module-lexer@3.0.2: {}

  esbuild@0.25.12:
    optionalDependencies:
      '@esbuild/aix-ppc64': 0.25.12
      '@esbuild/android-arm': 0.25.12
      '@esbuild/android-arm64': 0.25.12
      '@esbuild/android-x64': 0.25.12
      '@esbuild/darwin-arm64': 0.25.12
      '@esbuild/darwin-x64': 0.25.12
      '@esbuild/freebsd-arm64': 0.25.12
      '@esbuild/freebsd-x64': 0.25.12
      '@esbuild/linux-arm': 0.25.12
      '@esbuild/linux-arm64': 0.25.12
      '@esbuild/linux-ia32': 0.25.12
      '@esbuild/linux-loong64': 0.25.12
      '@esbuild/linux-mips64el': 0.25.12
      '@esbuild/linux-ppc64': 0.25.12
      '@esbuild/linux-riscv64': 0.25.12
      '@esbuild/linux-s390x': 0.25.12
      '@esbuild/linux-x64': 0.25.12
      '@esbuild/netbsd-arm64': 0.25.12
      '@esbuild/netbsd-x64': 0.25.12
      '@esbuild/openbsd-arm64': 0.25.12
      '@esbuild/openbsd-x64': 0.25.12
      '@esbuild/openharmony-arm64': 0.25.12
      '@esbuild/sunos-x64': 0.25.12
      '@esbuild/win32-arm64': 0.25.12
      '@esbuild/win32-ia32': 0.25.12
      '@esbuild/win32-x64': 0.25.12

  gotrue-js@1.0.1: {}

  import-in-the-middle@3.5.2:
    dependencies:
      cjs-module-lexer: 2.2.1
      es-module-lexer: 3.0.2
      module-details-from-path: 1.0.4

  module-details-from-path@1.0.4: {}

  ms@2.1.3: {}

  parse-gitignore@2.0.0: {}

  readdirp@5.1.1: {}

  require-in-the-middle@8.0.1:
    dependencies:
      debug: 4.4.3
      module-details-from-path: 1.0.4
    transitivePeerDependencies:
      - supports-color

  semver@7.8.5: {}

  stubborn-fs@2.0.0:
    dependencies:
      stubborn-utils: 1.0.2

  stubborn-utils@1.0.2: {}

  tslib@2.8.1: {}

  type-fest@4.41.0: {}

  urlpattern-polyfill@10.1.0: {}

  when-exit@2.1.5: {}
